// !$*UTF8*$!
{
	archiveVersion = 1;
	classes = {
	};
	objectVersion = 51;
	objects = {

/* Begin PBXBuildFile section */
		1122AABF244EAD5800F56CDF /* AppDelegate.swift in Sources */ = {isa = PBXBuildFile; fileRef = 1122AABE244EAD5800F56CDF /* AppDelegate.swift */; };
		1122AAC1244EAD5800F56CDF /* SceneDelegate.swift in Sources */ = {isa = PBXBuildFile; fileRef = 1122AAC0244EAD5800F56CDF /* SceneDelegate.swift */; };
		1122AAC3244EAD5800F56CDF /* ViewController.swift in Sources */ = {isa = PBXBuildFile; fileRef = 1122AAC2244EAD5800F56CDF /* ViewController.swift */; };
		1122AAC6244EAD5800F56CDF /* Main.storyboard in Resources */ = {isa = PBXBuildFile; fileRef = 1122AAC4244EAD5800F56CDF /* Main.storyboard */; };
		1122AAC8244EAD5B00F56CDF /* Assets.xcassets in Resources */ = {isa = PBXBuildFile; fileRef = 1122AAC7244EAD5B00F56CDF /* Assets.xcassets */; };
		1122AACB244EAD5B00F56CDF /* LaunchScreen.storyboard in Resources */ = {isa = PBXBuildFile; fileRef = 1122AAC9244EAD5B00F56CDF /* LaunchScreen.storyboard */; };
		11468E212473761100366751 /* ProyectoSG.mlmodel in Sources */ = {isa = PBXBuildFile; fileRef = 11468E202473761100366751 /* ProyectoSG.mlmodel */; };
		11468E2524737D1A00366751 /* ExploraObjetosViewController.swift in Sources */ = {isa = PBXBuildFile; fileRef = 11468E2424737D1A00366751 /* ExploraObjetosViewController.swift */; };
		11468E272475B9AA00366751 /* GoogleService-Info.plist in Resources */ = {isa = PBXBuildFile; fileRef = 11468E262475B9AA00366751 /* GoogleService-Info.plist */; };
		11468E292475BEFF00366751 /* LogIn.swift in Sources */ = {isa = PBXBuildFile; fileRef = 11468E282475BEFF00366751 /* LogIn.swift */; };
		11468E2B2475CFD800366751 /* ResgistrarUsuario.swift in Sources */ = {isa = PBXBuildFile; fileRef = 11468E2A2475CFD800366751 /* ResgistrarUsuario.swift */; };
		5922D9EC60D1870B4C71237E /* Pods_StudyGarden.framework in Frameworks */ = {isa = PBXBuildFile; fileRef = F91D7B1CFD1FCA96841B8BB8 /* Pods_StudyGarden.framework */; };
		9B162AA7246C52610069D3C0 /* mapViewController.swift in Sources */ = {isa = PBXBuildFile; fileRef = 9B162AA6246C52600069D3C0 /* mapViewController.swift */; };
		9B162AA9246CA0F80069D3C0 /* treeMarkersController.swift in Sources */ = {isa = PBXBuildFile; fileRef = 9B162AA8246CA0F80069D3C0 /* treeMarkersController.swift */; };
		A725A965246B8BCE00F0BA71 /* MateriasViewController.swift in Sources */ = {isa = PBXBuildFile; fileRef = A725A964246B8BCE00F0BA71 /* MateriasViewController.swift */; };
		A7CD255D246CD57600748D64 /* MateriaRegistradaViewController.swift in Sources */ = {isa = PBXBuildFile; fileRef = A7CD255C246CD57600748D64 /* MateriaRegistradaViewController.swift */; };
/* End PBXBuildFile section */

/* Begin PBXFileReference section */
		1122AABB244EAD5800F56CDF /* StudyGarden.app */ = {isa = PBXFileReference; explicitFileType = wrapper.application; includeInIndex = 0; path = StudyGarden.app; sourceTree = BUILT_PRODUCTS_DIR; };
		1122AABE244EAD5800F56CDF /* AppDelegate.swift */ = {isa = PBXFileReference; lastKnownFileType = sourcecode.swift; path = AppDelegate.swift; sourceTree = "<group>"; };
		1122AAC0244EAD5800F56CDF /* SceneDelegate.swift */ = {isa = PBXFileReference; lastKnownFileType = sourcecode.swift; path = SceneDelegate.swift; sourceTree = "<group>"; };
		1122AAC2244EAD5800F56CDF /* ViewController.swift */ = {isa = PBXFileReference; lastKnownFileType = sourcecode.swift; path = ViewController.swift; sourceTree = "<group>"; };
		1122AAC5244EAD5800F56CDF /* Base */ = {isa = PBXFileReference; lastKnownFileType = file.storyboard; name = Base; path = Base.lproj/Main.storyboard; sourceTree = "<group>"; };
		1122AAC7244EAD5B00F56CDF /* Assets.xcassets */ = {isa = PBXFileReference; lastKnownFileType = folder.assetcatalog; path = Assets.xcassets; sourceTree = "<group>"; };
		1122AACA244EAD5B00F56CDF /* Base */ = {isa = PBXFileReference; lastKnownFileType = file.storyboard; name = Base; path = Base.lproj/LaunchScreen.storyboard; sourceTree = "<group>"; };
		1122AACC244EAD5B00F56CDF /* Info.plist */ = {isa = PBXFileReference; lastKnownFileType = text.plist.xml; path = Info.plist; sourceTree = "<group>"; };
		11468E202473761100366751 /* ProyectoSG.mlmodel */ = {isa = PBXFileReference; lastKnownFileType = file.mlmodel; path = ProyectoSG.mlmodel; sourceTree = "<group>"; };
		11468E2424737D1A00366751 /* ExploraObjetosViewController.swift */ = {isa = PBXFileReference; lastKnownFileType = sourcecode.swift; path = ExploraObjetosViewController.swift; sourceTree = "<group>"; };
		11468E262475B9AA00366751 /* GoogleService-Info.plist */ = {isa = PBXFileReference; fileEncoding = 4; lastKnownFileType = text.plist.xml; path = "GoogleService-Info.plist"; sourceTree = "<group>"; };
		11468E282475BEFF00366751 /* LogIn.swift */ = {isa = PBXFileReference; lastKnownFileType = sourcecode.swift; path = LogIn.swift; sourceTree = "<group>"; };
		11468E2A2475CFD800366751 /* ResgistrarUsuario.swift */ = {isa = PBXFileReference; lastKnownFileType = sourcecode.swift; path = ResgistrarUsuario.swift; sourceTree = "<group>"; };
		11468E2C2476239500366751 /* StudyGarden.entitlements */ = {isa = PBXFileReference; lastKnownFileType = text.plist.entitlements; path = StudyGarden.entitlements; sourceTree = "<group>"; };
		7496F8D7FDE1E931FC877382 /* Pods-StudyGarden.debug.xcconfig */ = {isa = PBXFileReference; includeInIndex = 1; lastKnownFileType = text.xcconfig; name = "Pods-StudyGarden.debug.xcconfig"; path = "Target Support Files/Pods-StudyGarden/Pods-StudyGarden.debug.xcconfig"; sourceTree = "<group>"; };
		9B162AA6246C52600069D3C0 /* mapViewController.swift */ = {isa = PBXFileReference; lastKnownFileType = sourcecode.swift; path = mapViewController.swift; sourceTree = "<group>"; };
		9B162AA8246CA0F80069D3C0 /* treeMarkersController.swift */ = {isa = PBXFileReference; lastKnownFileType = sourcecode.swift; path = treeMarkersController.swift; sourceTree = "<group>"; };
		A20586BF4D129CF3CE31DA10 /* Pods-StudyGarden.release.xcconfig */ = {isa = PBXFileReference; includeInIndex = 1; lastKnownFileType = text.xcconfig; name = "Pods-StudyGarden.release.xcconfig"; path = "Target Support Files/Pods-StudyGarden/Pods-StudyGarden.release.xcconfig"; sourceTree = "<group>"; };
		A725A964246B8BCE00F0BA71 /* MateriasViewController.swift */ = {isa = PBXFileReference; lastKnownFileType = sourcecode.swift; path = MateriasViewController.swift; sourceTree = "<group>"; };
		A7CD255C246CD57600748D64 /* MateriaRegistradaViewController.swift */ = {isa = PBXFileReference; lastKnownFileType = sourcecode.swift; path = MateriaRegistradaViewController.swift; sourceTree = "<group>"; };
		F91D7B1CFD1FCA96841B8BB8 /* Pods_StudyGarden.framework */ = {isa = PBXFileReference; explicitFileType = wrapper.framework; includeInIndex = 0; path = Pods_StudyGarden.framework; sourceTree = BUILT_PRODUCTS_DIR; };
/* End PBXFileReference section */

/* Begin PBXFrameworksBuildPhase section */
		1122AAB8244EAD5800F56CDF /* Frameworks */ = {
			isa = PBXFrameworksBuildPhase;
			buildActionMask = 2147483647;
			files = (
				5922D9EC60D1870B4C71237E /* Pods_StudyGarden.framework in Frameworks */,
			);
			runOnlyForDeploymentPostprocessing = 0;
		};
/* End PBXFrameworksBuildPhase section */

/* Begin PBXGroup section */
		1122AAB2244EAD5800F56CDF = {
			isa = PBXGroup;
			children = (
				1122AABD244EAD5800F56CDF /* StudyGarden */,
				1122AABC244EAD5800F56CDF /* Products */,
				513BBD6B0A8093E5093909AE /* Pods */,
				5B09B4102495B8116945A80D /* Frameworks */,
			);
			sourceTree = "<group>";
		};
		1122AABC244EAD5800F56CDF /* Products */ = {
			isa = PBXGroup;
			children = (
				1122AABB244EAD5800F56CDF /* StudyGarden.app */,
			);
			name = Products;
			sourceTree = "<group>";
		};
		1122AABD244EAD5800F56CDF /* StudyGarden */ = {
			isa = PBXGroup;
			children = (
				11468E2C2476239500366751 /* StudyGarden.entitlements */,
				1122AABE244EAD5800F56CDF /* AppDelegate.swift */,
				1122AAC0244EAD5800F56CDF /* SceneDelegate.swift */,
				1122AAC2244EAD5800F56CDF /* ViewController.swift */,
				1122AAC4244EAD5800F56CDF /* Main.storyboard */,
				1122AAC7244EAD5B00F56CDF /* Assets.xcassets */,
				11468E202473761100366751 /* ProyectoSG.mlmodel */,
				1122AAC9244EAD5B00F56CDF /* LaunchScreen.storyboard */,
				1122AACC244EAD5B00F56CDF /* Info.plist */,
				A725A964246B8BCE00F0BA71 /* MateriasViewController.swift */,
				A7CD255C246CD57600748D64 /* MateriaRegistradaViewController.swift */,
				9B162AA6246C52600069D3C0 /* mapViewController.swift */,
				9B162AA8246CA0F80069D3C0 /* treeMarkersController.swift */,
				11468E2424737D1A00366751 /* ExploraObjetosViewController.swift */,
				11468E262475B9AA00366751 /* GoogleService-Info.plist */,
				11468E282475BEFF00366751 /* LogIn.swift */,
				11468E2A2475CFD800366751 /* ResgistrarUsuario.swift */,
			);
			path = StudyGarden;
			sourceTree = "<group>";
		};
		513BBD6B0A8093E5093909AE /* Pods */ = {
			isa = PBXGroup;
			children = (
				7496F8D7FDE1E931FC877382 /* Pods-StudyGarden.debug.xcconfig */,
				A20586BF4D129CF3CE31DA10 /* Pods-StudyGarden.release.xcconfig */,
			);
			path = Pods;
			sourceTree = "<group>";
		};
		5B09B4102495B8116945A80D /* Frameworks */ = {
			isa = PBXGroup;
			children = (
				F91D7B1CFD1FCA96841B8BB8 /* Pods_StudyGarden.framework */,
			);
			name = Frameworks;
			sourceTree = "<group>";
		};
/* End PBXGroup section */

/* Begin PBXNativeTarget section */
		1122AABA244EAD5800F56CDF /* StudyGarden */ = {
			isa = PBXNativeTarget;
			buildConfigurationList = 1122AACF244EAD5B00F56CDF /* Build configuration list for PBXNativeTarget "StudyGarden" */;
			buildPhases = (
				73BABB7A762BE721625F115F /* [CP] Check Pods Manifest.lock */,
				1122AAB7244EAD5800F56CDF /* Sources */,
				1122AAB8244EAD5800F56CDF /* Frameworks */,
				1122AAB9244EAD5800F56CDF /* Resources */,
				D076A3B2D5DBEF63CEED5169 /* [CP] Embed Pods Frameworks */,
			);
			buildRules = (
			);
			dependencies = (
			);
			name = StudyGarden;
			productName = StudyGarden;
			productReference = 1122AABB244EAD5800F56CDF /* StudyGarden.app */;
			productType = "com.apple.product-type.application";
		};
/* End PBXNativeTarget section */

/* Begin PBXProject section */
		1122AAB3244EAD5800F56CDF /* Project object */ = {
			isa = PBXProject;
			attributes = {
				LastSwiftUpdateCheck = 1140;
				LastUpgradeCheck = 1140;
				ORGANIZATIONNAME = ProyectoFinal;
				TargetAttributes = {
					1122AABA244EAD5800F56CDF = {
						CreatedOnToolsVersion = 11.4.1;
					};
				};
			};
			buildConfigurationList = 1122AAB6244EAD5800F56CDF /* Build configuration list for PBXProject "StudyGarden" */;
			compatibilityVersion = "Xcode 9.3";
			developmentRegion = en;
			hasScannedForEncodings = 0;
			knownRegions = (
				en,
				Base,
			);
			mainGroup = 1122AAB2244EAD5800F56CDF;
			productRefGroup = 1122AABC244EAD5800F56CDF /* Products */;
			projectDirPath = "";
			projectRoot = "";
			targets = (
				1122AABA244EAD5800F56CDF /* StudyGarden */,
			);
		};
/* End PBXProject section */

/* Begin PBXResourcesBuildPhase section */
		1122AAB9244EAD5800F56CDF /* Resources */ = {
			isa = PBXResourcesBuildPhase;
			buildActionMask = 2147483647;
			files = (
				1122AACB244EAD5B00F56CDF /* LaunchScreen.storyboard in Resources */,
				11468E272475B9AA00366751 /* GoogleService-Info.plist in Resources */,
				1122AAC8244EAD5B00F56CDF /* Assets.xcassets in Resources */,
				1122AAC6244EAD5800F56CDF /* Main.storyboard in Resources */,
			);
			runOnlyForDeploymentPostprocessing = 0;
		};
/* End PBXResourcesBuildPhase section */

/* Begin PBXShellScriptBuildPhase section */
		73BABB7A762BE721625F115F /* [CP] Check Pods Manifest.lock */ = {
			isa = PBXShellScriptBuildPhase;
			buildActionMask = 2147483647;
			files = (
			);
			inputFileListPaths = (
			);
			inputPaths = (
				"${PODS_PODFILE_DIR_PATH}/Podfile.lock",
				"${PODS_ROOT}/Manifest.lock",
			);
			name = "[CP] Check Pods Manifest.lock";
			outputFileListPaths = (
			);
			outputPaths = (
				"$(DERIVED_FILE_DIR)/Pods-StudyGarden-checkManifestLockResult.txt",
			);
			runOnlyForDeploymentPostprocessing = 0;
			shellPath = /bin/sh;
			shellScript = "diff \"${PODS_PODFILE_DIR_PATH}/Podfile.lock\" \"${PODS_ROOT}/Manifest.lock\" > /dev/null\nif [ $? != 0 ] ; then\n    # print error to STDERR\n    echo \"error: The sandbox is not in sync with the Podfile.lock. Run 'pod install' or update your CocoaPods installation.\" >&2\n    exit 1\nfi\n# This output is used by Xcode 'outputs' to avoid re-running this script phase.\necho \"SUCCESS\" > \"${SCRIPT_OUTPUT_FILE_0}\"\n";
			showEnvVarsInLog = 0;
		};
		D076A3B2D5DBEF63CEED5169 /* [CP] Embed Pods Frameworks */ = {
			isa = PBXShellScriptBuildPhase;
			buildActionMask = 2147483647;
			files = (
			);
			inputFileListPaths = (
				"${PODS_ROOT}/Target Support Files/Pods-StudyGarden/Pods-StudyGarden-frameworks-${CONFIGURATION}-input-files.xcfilelist",
			);
			name = "[CP] Embed Pods Frameworks";
			outputFileListPaths = (
				"${PODS_ROOT}/Target Support Files/Pods-StudyGarden/Pods-StudyGarden-frameworks-${CONFIGURATION}-output-files.xcfilelist",
			);
			runOnlyForDeploymentPostprocessing = 0;
			shellPath = /bin/sh;
			shellScript = "\"${PODS_ROOT}/Target Support Files/Pods-StudyGarden/Pods-StudyGarden-frameworks.sh\"\n";
			showEnvVarsInLog = 0;
		};
/* End PBXShellScriptBuildPhase section */

/* Begin PBXSourcesBuildPhase section */
		1122AAB7244EAD5800F56CDF /* Sources */ = {
			isa = PBXSourcesBuildPhase;
			buildActionMask = 2147483647;
			files = (
				A725A965246B8BCE00F0BA71 /* MateriasViewController.swift in Sources */,
				11468E2524737D1A00366751 /* ExploraObjetosViewController.swift in Sources */,
				9B162AA9246CA0F80069D3C0 /* treeMarkersController.swift in Sources */,
				A7CD255D246CD57600748D64 /* MateriaRegistradaViewController.swift in Sources */,
				9B162AA7246C52610069D3C0 /* mapViewController.swift in Sources */,
				11468E292475BEFF00366751 /* LogIn.swift in Sources */,
				1122AAC3244EAD5800F56CDF /* ViewController.swift in Sources */,
				11468E2B2475CFD800366751 /* ResgistrarUsuario.swift in Sources */,
				1122AABF244EAD5800F56CDF /* AppDelegate.swift in Sources */,
				1122AAC1244EAD5800F56CDF /* SceneDelegate.swift in Sources */,
				11468E212473761100366751 /* ProyectoSG.mlmodel in Sources */,
			);
			runOnlyForDeploymentPostprocessing = 0;
		};
/* End PBXSourcesBuildPhase section */

/* Begin PBXVariantGroup section */
		1122AAC4244EAD5800F56CDF /* Main.storyboard */ = {
			isa = PBXVariantGroup;
			children = (
				1122AAC5244EAD5800F56CDF /* Base */,
			);
			name = Main.storyboard;
			sourceTree = "<group>";
		};
		1122AAC9244EAD5B00F56CDF /* LaunchScreen.storyboard */ = {
			isa = PBXVariantGroup;
			children = (
				1122AACA244EAD5B00F56CDF /* Base */,
			);
			name = LaunchScreen.storyboard;
			sourceTree = "<group>";
		};
/* End PBXVariantGroup section */

/* Begin XCBuildConfiguration section */
		1122AACD244EAD5B00F56CDF /* Debug */ = {
			isa = XCBuildConfiguration;
			buildSettings = {
				ALWAYS_SEARCH_USER_PATHS = NO;
				CLANG_ANALYZER_NONNULL = YES;
				CLANG_ANALYZER_NUMBER_OBJECT_CONVERSION = YES_AGGRESSIVE;
				CLANG_CXX_LANGUAGE_STANDARD = "gnu++14";
				CLANG_CXX_LIBRARY = "libc++";
				CLANG_ENABLE_MODULES = YES;
				CLANG_ENABLE_OBJC_ARC = YES;
				CLANG_ENABLE_OBJC_WEAK = YES;
				CLANG_WARN_BLOCK_CAPTURE_AUTORELEASING = YES;
				CLANG_WARN_BOOL_CONVERSION = YES;
				CLANG_WARN_COMMA = YES;
				CLANG_WARN_CONSTANT_CONVERSION = YES;
				CLANG_WARN_DEPRECATED_OBJC_IMPLEMENTATIONS = YES;
				CLANG_WARN_DIRECT_OBJC_ISA_USAGE = YES_ERROR;
				CLANG_WARN_DOCUMENTATION_COMMENTS = YES;
				CLANG_WARN_EMPTY_BODY = YES;
				CLANG_WARN_ENUM_CONVERSION = YES;
				CLANG_WARN_INFINITE_RECURSION = YES;
				CLANG_WARN_INT_CONVERSION = YES;
				CLANG_WARN_NON_LITERAL_NULL_CONVERSION = YES;
				CLANG_WARN_OBJC_IMPLICIT_RETAIN_SELF = YES;
				CLANG_WARN_OBJC_LITERAL_CONVERSION = YES;
				CLANG_WARN_OBJC_ROOT_CLASS = YES_ERROR;
				CLANG_WARN_RANGE_LOOP_ANALYSIS = YES;
				CLANG_WARN_STRICT_PROTOTYPES = YES;
				CLANG_WARN_SUSPICIOUS_MOVE = YES;
				CLANG_WARN_UNGUARDED_AVAILABILITY = YES_AGGRESSIVE;
				CLANG_WARN_UNREACHABLE_CODE = YES;
				CLANG_WARN__DUPLICATE_METHOD_MATCH = YES;
				COPY_PHASE_STRIP = NO;
				DEBUG_INFORMATION_FORMAT = dwarf;
				ENABLE_STRICT_OBJC_MSGSEND = YES;
				ENABLE_TESTABILITY = YES;
				GCC_C_LANGUAGE_STANDARD = gnu11;
				GCC_DYNAMIC_NO_PIC = NO;
				GCC_NO_COMMON_BLOCKS = YES;
				GCC_OPTIMIZATION_LEVEL = 0;
				GCC_PREPROCESSOR_DEFINITIONS = (
					"DEBUG=1",
					"$(inherited)",
				);
				GCC_WARN_64_TO_32_BIT_CONVERSION = YES;
				GCC_WARN_ABOUT_RETURN_TYPE = YES_ERROR;
				GCC_WARN_UNDECLARED_SELECTOR = YES;
				GCC_WARN_UNINITIALIZED_AUTOS = YES_AGGRESSIVE;
				GCC_WARN_UNUSED_FUNCTION = YES;
				GCC_WARN_UNUSED_VARIABLE = YES;
				IPHONEOS_DEPLOYMENT_TARGET = 13.4;
				MTL_ENABLE_DEBUG_INFO = INCLUDE_SOURCE;
				MTL_FAST_MATH = YES;
				ONLY_ACTIVE_ARCH = YES;
				SDKROOT = iphoneos;
				SWIFT_ACTIVE_COMPILATION_CONDITIONS = DEBUG;
				SWIFT_OPTIMIZATION_LEVEL = "-Onone";
			};
			name = Debug;
		};
		1122AACE244EAD5B00F56CDF /* Release */ = {
			isa = XCBuildConfiguration;
			buildSettings = {
				ALWAYS_SEARCH_USER_PATHS = NO;
				CLANG_ANALYZER_NONNULL = YES;
				CLANG_ANALYZER_NUMBER_OBJECT_CONVERSION = YES_AGGRESSIVE;
				CLANG_CXX_LANGUAGE_STANDARD = "gnu++14";
				CLANG_CXX_LIBRARY = "libc++";
				CLANG_ENABLE_MODULES = YES;
				CLANG_ENABLE_OBJC_ARC = YES;
				CLANG_ENABLE_OBJC_WEAK = YES;
				CLANG_WARN_BLOCK_CAPTURE_AUTORELEASING = YES;
				CLANG_WARN_BOOL_CONVERSION = YES;
				CLANG_WARN_COMMA = YES;
				CLANG_WARN_CONSTANT_CONVERSION = YES;
				CLANG_WARN_DEPRECATED_OBJC_IMPLEMENTATIONS = YES;
				CLANG_WARN_DIRECT_OBJC_ISA_USAGE = YES_ERROR;
				CLANG_WARN_DOCUMENTATION_COMMENTS = YES;
				CLANG_WARN_EMPTY_BODY = YES;
				CLANG_WARN_ENUM_CONVERSION = YES;
				CLANG_WARN_INFINITE_RECURSION = YES;
				CLANG_WARN_INT_CONVERSION = YES;
				CLANG_WARN_NON_LITERAL_NULL_CONVERSION = YES;
				CLANG_WARN_OBJC_IMPLICIT_RETAIN_SELF = YES;
				CLANG_WARN_OBJC_LITERAL_CONVERSION = YES;
				CLANG_WARN_OBJC_ROOT_CLASS = YES_ERROR;
				CLANG_WARN_RANGE_LOOP_ANALYSIS = YES;
				CLANG_WARN_STRICT_PROTOTYPES = YES;
				CLANG_WARN_SUSPICIOUS_MOVE = YES;
				CLANG_WARN_UNGUARDED_AVAILABILITY = YES_AGGRESSIVE;
				CLANG_WARN_UNREACHABLE_CODE = YES;
				CLANG_WARN__DUPLICATE_METHOD_MATCH = YES;
				COPY_PHASE_STRIP = NO;
				DEBUG_INFORMATION_FORMAT = "dwarf-with-dsym";
				ENABLE_NS_ASSERTIONS = NO;
				ENABLE_STRICT_OBJC_MSGSEND = YES;
				GCC_C_LANGUAGE_STANDARD = gnu11;
				GCC_NO_COMMON_BLOCKS = YES;
				GCC_WARN_64_TO_32_BIT_CONVERSION = YES;
				GCC_WARN_ABOUT_RETURN_TYPE = YES_ERROR;
				GCC_WARN_UNDECLARED_SELECTOR = YES;
				GCC_WARN_UNINITIALIZED_AUTOS = YES_AGGRESSIVE;
				GCC_WARN_UNUSED_FUNCTION = YES;
				GCC_WARN_UNUSED_VARIABLE = YES;
				IPHONEOS_DEPLOYMENT_TARGET = 13.4;
				MTL_ENABLE_DEBUG_INFO = NO;
				MTL_FAST_MATH = YES;
				SDKROOT = iphoneos;
				SWIFT_COMPILATION_MODE = wholemodule;
				SWIFT_OPTIMIZATION_LEVEL = "-O";
				VALIDATE_PRODUCT = YES;
			};
			name = Release;
		};
		1122AAD0244EAD5B00F56CDF /* Debug */ = {
			isa = XCBuildConfiguration;
			baseConfigurationReference = 7496F8D7FDE1E931FC877382 /* Pods-StudyGarden.debug.xcconfig */;
			buildSettings = {
				ASSETCATALOG_COMPILER_APPICON_NAME = AppIcon;
				CODE_SIGN_ENTITLEMENTS = StudyGarden/StudyGarden.entitlements;
				CODE_SIGN_STYLE = Automatic;
				INFOPLIST_FILE = StudyGarden/Info.plist;
				LD_RUNPATH_SEARCH_PATHS = (
					"$(inherited)",
					"@executable_path/Frameworks",
				);
				PRODUCT_BUNDLE_IDENTIFIER = ProyectoFinal.StudyGarden;
				PRODUCT_NAME = "$(TARGET_NAME)";
				SWIFT_VERSION = 4.0;
				TARGETED_DEVICE_FAMILY = "1,2";
			};
			name = Debug;
		};
		1122AAD1244EAD5B00F56CDF /* Release */ = {
			isa = XCBuildConfiguration;
			baseConfigurationReference = A20586BF4D129CF3CE31DA10 /* Pods-StudyGarden.release.xcconfig */;
			buildSettings = {
				ASSETCATALOG_COMPILER_APPICON_NAME = AppIcon;
				CODE_SIGN_ENTITLEMENTS = StudyGarden/StudyGarden.entitlements;
				CODE_SIGN_STYLE = Automatic;
				INFOPLIST_FILE = StudyGarden/Info.plist;
				LD_RUNPATH_SEARCH_PATHS = (
					"$(inherited)",
					"@executable_path/Frameworks",
				);
				PRODUCT_BUNDLE_IDENTIFIER = ProyectoFinal.StudyGarden;
				PRODUCT_NAME = "$(TARGET_NAME)";
				SWIFT_VERSION = 4.0;
				TARGETED_DEVICE_FAMILY = "1,2";
			};
			name = Release;
		};
/* End XCBuildConfiguration section */

/* Begin XCConfigurationList section */
		1122AAB6244EAD5800F56CDF /* Build configuration list for PBXProject "StudyGarden" */ = {
			isa = XCConfigurationList;
			buildConfigurations = (
				1122AACD244EAD5B00F56CDF /* Debug */,
				1122AACE244EAD5B00F56CDF /* Release */,
			);
			defaultConfigurationIsVisible = 0;
			defaultConfigurationName = Release;
		};
		1122AACF244EAD5B00F56CDF /* Build configuration list for PBXNativeTarget "StudyGarden" */ = {
			isa = XCConfigurationList;
			buildConfigurations = (
				1122AAD0244EAD5B00F56CDF /* Debug */,
				1122AAD1244EAD5B00F56CDF /* Release */,
			);
			defaultConfigurationIsVisible = 0;
			defaultConfigurationName = Release;
		};
/* End XCConfigurationList section */
	};
	rootObject = 1122AAB3244EAD5800F56CDF /* Project object */;
}
